// !$*UTF8*$!
{
	archiveVersion = 1;
	classes = {
	};
	objectVersion = 46;
	objects = {

/* Begin PBXBuildFile section */
		8762556819C01A5A0045AB15 /* AppDelegate.swift in Sources */ = {isa = PBXBuildFile; fileRef = 8762556719C01A5A0045AB15 /* AppDelegate.swift */; };
		8762556A19C01A5A0045AB15 /* ViewController.swift in Sources */ = {isa = PBXBuildFile; fileRef = 8762556919C01A5A0045AB15 /* ViewController.swift */; };
		8762556D19C01A5B0045AB15 /* Main.storyboard in Resources */ = {isa = PBXBuildFile; fileRef = 8762556B19C01A5B0045AB15 /* Main.storyboard */; };
		8762556F19C01A5B0045AB15 /* Images.xcassets in Resources */ = {isa = PBXBuildFile; fileRef = 8762556E19C01A5B0045AB15 /* Images.xcassets */; };
		8762557219C01A5B0045AB15 /* LaunchScreen.xib in Resources */ = {isa = PBXBuildFile; fileRef = 8762557019C01A5B0045AB15 /* LaunchScreen.xib */; };
		8762557E19C01A5B0045AB15 /* PostcardTests.swift in Sources */ = {isa = PBXBuildFile; fileRef = 8762557D19C01A5B0045AB15 /* PostcardTests.swift */; };
		8762558819C025170045AB15 /* Postcard.png in Resources */ = {isa = PBXBuildFile; fileRef = 8762558719C025170045AB15 /* Postcard.png */; };
		8762558C19C02D250045AB15 /* popconcert.png in Resources */ = {isa = PBXBuildFile; fileRef = 8762558B19C02D250045AB15 /* popconcert.png */; };
/* End PBXBuildFile section */

/* Begin PBXContainerItemProxy section */
		8762557819C01A5B0045AB15 /* PBXContainerItemProxy */ = {
			isa = PBXContainerItemProxy;
			containerPortal = 8762555A19C01A5A0045AB15 /* Project object */;
			proxyType = 1;
			remoteGlobalIDString = 8762556119C01A5A0045AB15;
			remoteInfo = Postcard;
		};
/* End PBXContainerItemProxy section */

/* Begin PBXFileReference section */
		8762556219C01A5A0045AB15 /* Postcard.app */ = {isa = PBXFileReference; explicitFileType = wrapper.application; includeInIndex = 0; path = Postcard.app; sourceTree = BUILT_PRODUCTS_DIR; };
		8762556619C01A5A0045AB15 /* Info.plist */ = {isa = PBXFileReference; lastKnownFileType = text.plist.xml; path = Info.plist; sourceTree = "<group>"; };
		8762556719C01A5A0045AB15 /* AppDelegate.swift */ = {isa = PBXFileReference; lastKnownFileType = sourcecode.swift; path = AppDelegate.swift; sourceTree = "<group>"; };
		8762556919C01A5A0045AB15 /* ViewController.swift */ = {isa = PBXFileReference; lastKnownFileType = sourcecode.swift; path = ViewController.swift; sourceTree = "<group>"; };
		8762556C19C01A5B0045AB15 /* Base */ = {isa = PBXFileReference; lastKnownFileType = file.storyboard; name = Base; path = Base.lproj/Main.storyboard; sourceTree = "<group>"; };
		8762556E19C01A5B0045AB15 /* Images.xcassets */ = {isa = PBXFileReference; lastKnownFileType = folder.assetcatalog; path = Images.xcassets; sourceTree = "<group>"; };
		8762557119C01A5B0045AB15 /* Base */ = {isa = PBXFileReference; lastKnownFileType = file.xib; name = Base; path = Base.lproj/LaunchScreen.xib; sourceTree = "<group>"; };
		8762557719C01A5B0045AB15 /* PostcardTests.xctest */ = {isa = PBXFileReference; explicitFileType = wrapper.cfbundle; includeInIndex = 0; path = PostcardTests.xctest; sourceTree = BUILT_PRODUCTS_DIR; };
		8762557C19C01A5B0045AB15 /* Info.plist */ = {isa = PBXFileReference; lastKnownFileType = text.plist.xml; path = Info.plist; sourceTree = "<group>"; };
		8762557D19C01A5B0045AB15 /* PostcardTests.swift */ = {isa = PBXFileReference; lastKnownFileType = sourcecode.swift; path = PostcardTests.swift; sourceTree = "<group>"; };
		8762558719C025170045AB15 /* Postcard.png */ = {isa = PBXFileReference; lastKnownFileType = image.png; path = Postcard.png; sourceTree = "<group>"; };
		8762558B19C02D250045AB15 /* popconcert.png */ = {isa = PBXFileReference; lastKnownFileType = image.png; path = popconcert.png; sourceTree = "<group>"; };
/* End PBXFileReference section */

/* Begin PBXFrameworksBuildPhase section */
		8762555F19C01A5A0045AB15 /* Frameworks */ = {
			isa = PBXFrameworksBuildPhase;
			buildActionMask = 2147483647;
			files = (
			);
			runOnlyForDeploymentPostprocessing = 0;
		};
		8762557419C01A5B0045AB15 /* Frameworks */ = {
			isa = PBXFrameworksBuildPhase;
			buildActionMask = 2147483647;
			files = (
			);
			runOnlyForDeploymentPostprocessing = 0;
		};
/* End PBXFrameworksBuildPhase section */

/* Begin PBXGroup section */
		8762555919C01A5A0045AB15 = {
			isa = PBXGroup;
			children = (
				8762556419C01A5A0045AB15 /* Postcard */,
				8762557A19C01A5B0045AB15 /* PostcardTests */,
				8762556319C01A5A0045AB15 /* Products */,
			);
			sourceTree = "<group>";
		};
		8762556319C01A5A0045AB15 /* Products */ = {
			isa = PBXGroup;
			children = (
				8762556219C01A5A0045AB15 /* Postcard.app */,
				8762557719C01A5B0045AB15 /* PostcardTests.xctest */,
			);
			name = Products;
			sourceTree = "<group>";
		};
		8762556419C01A5A0045AB15 /* Postcard */ = {
			isa = PBXGroup;
			children = (
				8762556719C01A5A0045AB15 /* AppDelegate.swift */,
				8762556919C01A5A0045AB15 /* ViewController.swift */,
				8762556B19C01A5B0045AB15 /* Main.storyboard */,
				8762556E19C01A5B0045AB15 /* Images.xcassets */,
				8762557019C01A5B0045AB15 /* LaunchScreen.xib */,
				8762556519C01A5A0045AB15 /* Supporting Files */,
			);
			path = Postcard;
			sourceTree = "<group>";
		};
		8762556519C01A5A0045AB15 /* Supporting Files */ = {
			isa = PBXGroup;
			children = (
				8762558B19C02D250045AB15 /* popconcert.png */,
				8762558719C025170045AB15 /* Postcard.png */,
				8762556619C01A5A0045AB15 /* Info.plist */,
			);
			name = "Supporting Files";
			sourceTree = "<group>";
		};
		8762557A19C01A5B0045AB15 /* PostcardTests */ = {
			isa = PBXGroup;
			children = (
				8762557D19C01A5B0045AB15 /* PostcardTests.swift */,
				8762557B19C01A5B0045AB15 /* Supporting Files */,
			);
			path = PostcardTests;
			sourceTree = "<group>";
		};
		8762557B19C01A5B0045AB15 /* Supporting Files */ = {
			isa = PBXGroup;
			children = (
				8762557C19C01A5B0045AB15 /* Info.plist */,
			);
			name = "Supporting Files";
			sourceTree = "<group>";
		};
/* End PBXGroup section */

/* Begin PBXNativeTarget section */
		8762556119C01A5A0045AB15 /* Postcard */ = {
			isa = PBXNativeTarget;
			buildConfigurationList = 8762558119C01A5B0045AB15 /* Build configuration list for PBXNativeTarget "Postcard" */;
			buildPhases = (
				8762555E19C01A5A0045AB15 /* Sources */,
				8762555F19C01A5A0045AB15 /* Frameworks */,
				8762556019C01A5A0045AB15 /* Resources */,
			);
			buildRules = (
			);
			dependencies = (
			);
			name = Postcard;
			productName = Postcard;
			productReference = 8762556219C01A5A0045AB15 /* Postcard.app */;
			productType = "com.apple.product-type.application";
		};
		8762557619C01A5B0045AB15 /* PostcardTests */ = {
			isa = PBXNativeTarget;
			buildConfigurationList = 8762558419C01A5B0045AB15 /* Build configuration list for PBXNativeTarget "PostcardTests" */;
			buildPhases = (
				8762557319C01A5B0045AB15 /* Sources */,
				8762557419C01A5B0045AB15 /* Frameworks */,
				8762557519C01A5B0045AB15 /* Resources */,
			);
			buildRules = (
			);
			dependencies = (
				8762557919C01A5B0045AB15 /* PBXTargetDependency */,
			);
			name = PostcardTests;
			productName = PostcardTests;
			productReference = 8762557719C01A5B0045AB15 /* PostcardTests.xctest */;
			productType = "com.apple.product-type.bundle.unit-test";
		};
/* End PBXNativeTarget section */

/* Begin PBXProject section */
		8762555A19C01A5A0045AB15 /* Project object */ = {
			isa = PBXProject;
			attributes = {
				LastUpgradeCheck = 0600;
				ORGANIZATIONNAME = "Rod Brewster";
				TargetAttributes = {
					8762556119C01A5A0045AB15 = {
						CreatedOnToolsVersion = 6.0;
					};
					8762557619C01A5B0045AB15 = {
						CreatedOnToolsVersion = 6.0;
						TestTargetID = 8762556119C01A5A0045AB15;
					};
				};
			};
			buildConfigurationList = 8762555D19C01A5A0045AB15 /* Build configuration list for PBXProject "Postcard" */;
			compatibilityVersion = "Xcode 3.2";
			developmentRegion = English;
			hasScannedForEncodings = 0;
			knownRegions = (
				en,
				Base,
			);
			mainGroup = 8762555919C01A5A0045AB15;
			productRefGroup = 8762556319C01A5A0045AB15 /* Products */;
			projectDirPath = "";
			projectRoot = "";
			targets = (
				8762556119C01A5A0045AB15 /* Postcard */,
				8762557619C01A5B0045AB15 /* PostcardTests */,
			);
		};
/* End PBXProject section */

/* Begin PBXResourcesBuildPhase section */
		8762556019C01A5A0045AB15 /* Resources */ = {
			isa = PBXResourcesBuildPhase;
			buildActionMask = 2147483647;
			files = (
				8762556D19C01A5B0045AB15 /* Main.storyboard in Resources */,
				8762557219C01A5B0045AB15 /* LaunchScreen.xib in Resources */,
				8762556F19C01A5B0045AB15 /* Images.xcassets in Resources */,
				8762558C19C02D250045AB15 /* popconcert.png in Resources */,
				8762558819C025170045AB15 /* Postcard.png in Resources */,
			);
			runOnlyForDeploymentPostprocessing = 0;
		};
		8762557519C01A5B0045AB15 /* Resources */ = {
			isa = PBXResourcesBuildPhase;
			buildActionMask = 2147483647;
			files = (
			);
			runOnlyForDeploymentPostprocessing = 0;
		};
/* End PBXResourcesBuildPhase section */

/* Begin PBXSourcesBuildPhase section */
		8762555E19C01A5A0045AB15 /* Sources */ = {
			isa = PBXSourcesBuildPhase;
			buildActionMask = 2147483647;
			files = (
				8762556A19C01A5A0045AB15 /* ViewController.swift in Sources */,
				8762556819C01A5A0045AB15 /* AppDelegate.swift in Sources */,
			);
			runOnlyForDeploymentPostprocessing = 0;
		};
		8762557319C01A5B0045AB15 /* Sources */ = {
			isa = PBXSourcesBuildPhase;
			buildActionMask = 2147483647;
			files = (
				8762557E19C01A5B0045AB15 /* PostcardTests.swift in Sources */,
			);
			runOnlyForDeploymentPostprocessing = 0;
		};
/* End PBXSourcesBuildPhase section */

/* Begin PBXTargetDependency section */
		8762557919C01A5B0045AB15 /* PBXTargetDependency */ = {
			isa = PBXTargetDependency;
			target = 8762556119C01A5A0045AB15 /* Postcard */;
			targetProxy = 8762557819C01A5B0045AB15 /* PBXContainerItemProxy */;
		};
/* End PBXTargetDependency section */

/* Begin PBXVariantGroup section */
		8762556B19C01A5B0045AB15 /* Main.storyboard */ = {
			isa = PBXVariantGroup;
			children = (
				8762556C19C01A5B0045AB15 /* Base */,
			);
			name = Main.storyboard;
			sourceTree = "<group>";
		};
		8762557019C01A5B0045AB15 /* LaunchScreen.xib */ = {
			isa = PBXVariantGroup;
			children = (
				8762557119C01A5B0045AB15 /* Base */,
			);
			name = LaunchScreen.xib;
			sourceTree = "<group>";
		};
/* End PBXVariantGroup section */

/* Begin XCBuildConfiguration section */
		8762557F19C01A5B0045AB15 /* Debug */ = {
			isa = XCBuildConfiguration;
			buildSettings = {
				ALWAYS_SEARCH_USER_PATHS = NO;
				CLANG_CXX_LANGUAGE_STANDARD = "gnu++0x";
				CLANG_CXX_LIBRARY = "libc++";
				CLANG_ENABLE_MODULES = YES;
				CLANG_ENABLE_OBJC_ARC = YES;
				CLANG_WARN_BOOL_CONVERSION = YES;
				CLANG_WARN_CONSTANT_CONVERSION = YES;
				CLANG_WARN_DIRECT_OBJC_ISA_USAGE = YES_ERROR;
				CLANG_WARN_EMPTY_BODY = YES;
				CLANG_WARN_ENUM_CONVERSION = YES;
				CLANG_WARN_INT_CONVERSION = YES;
				CLANG_WARN_OBJC_ROOT_CLASS = YES_ERROR;
				CLANG_WARN_UNREACHABLE_CODE = YES;
				CLANG_WARN__DUPLICATE_METHOD_MATCH = YES;
				"CODE_SIGN_IDENTITY[sdk=iphoneos*]" = "iPhone Developer";
				COPY_PHASE_STRIP = NO;
				ENABLE_STRICT_OBJC_MSGSEND = YES;
				GCC_C_LANGUAGE_STANDARD = gnu99;
				GCC_DYNAMIC_NO_PIC = NO;
				GCC_OPTIMIZATION_LEVEL = 0;
				GCC_PREPROCESSOR_DEFINITIONS = (
					"DEBUG=1",
					"$(inherited)",
				);
				GCC_SYMBOLS_PRIVATE_EXTERN = NO;
				GCC_WARN_64_TO_32_BIT_CONVERSION = YES;
				GCC_WARN_ABOUT_RETURN_TYPE = YES_ERROR;
				GCC_WARN_UNDECLARED_SELECTOR = YES;
				GCC_WARN_UNINITIALIZED_AUTOS = YES_AGGRESSIVE;
				GCC_WARN_UNUSED_FUNCTION = YES;
				GCC_WARN_UNUSED_VARIABLE = YES;
				IPHONEOS_DEPLOYMENT_TARGET = 8.0;
				MTL_ENABLE_DEBUG_INFO = YES;
				ONLY_ACTIVE_ARCH = YES;
				SDKROOT = iphoneos;
				SWIFT_OPTIMIZATION_LEVEL = "-Onone";
			};
			name = Debug;
		};
		8762558019C01A5B0045AB15 /* Release */ = {
			isa = XCBuildConfiguration;
			buildSettings = {
				ALWAYS_SEARCH_USER_PATHS = NO;
				CLANG_CXX_LANGUAGE_STANDARD = "gnu++0x";
				CLANG_CXX_LIBRARY = "libc++";
				CLANG_ENABLE_MODULES = YES;
				CLANG_ENABLE_OBJC_ARC = YES;
				CLANG_WARN_BOOL_CONVERSION = YES;
				CLANG_WARN_CONSTANT_CONVERSION = YES;
				CLANG_WARN_DIRECT_OBJC_ISA_USAGE = YES_ERROR;
				CLANG_WARN_EMPTY_BODY = YES;
				CLANG_WARN_ENUM_CONVERSION = YES;
				CLANG_WARN_INT_CONVERSION = YES;
				CLANG_WARN_OBJC_ROOT_CLASS = YES_ERROR;
				CLANG_WARN_UNREACHABLE_CODE = YES;
				CLANG_WARN__DUPLICATE_METHOD_MATCH = YES;
				"CODE_SIGN_IDENTITY[sdk=iphoneos*]" = "iPhone Developer";
				COPY_PHASE_STRIP = YES;
				ENABLE_NS_ASSERTIONS = NO;
				ENABLE_STRICT_OBJC_MSGSEND = YES;
				GCC_C_LANGUAGE_STANDARD = gnu99;
				GCC_WARN_64_TO_32_BIT_CONVERSION = YES;
				GCC_WARN_ABOUT_RETURN_TYPE = YES_ERROR;
				GCC_WARN_UNDECLARED_SELECTOR = YES;
				GCC_WARN_UNINITIALIZED_AUTOS = YES_AGGRESSIVE;
				GCC_WARN_UNUSED_FUNCTION = YES;
				GCC_WARN_UNUSED_VARIABLE = YES;
				IPHONEOS_DEPLOYMENT_TARGET = 8.0;
				MTL_ENABLE_DEBUG_INFO = NO;
				SDKROOT = iphoneos;
				VALIDATE_PRODUCT = YES;
			};
			name = Release;
		};
		8762558219C01A5B0045AB15 /* Debug */ = {
			isa = XCBuildConfiguration;
			buildSettings = {
				ASSETCATALOG_COMPILER_APPICON_NAME = AppIcon;
				INFOPLIST_FILE = Postcard/Info.plist;
				LD_RUNPATH_SEARCH_PATHS = "$(inherited) @executable_path/Frameworks";
				PRODUCT_NAME = "$(TARGET_NAME)";
			};
			name = Debug;
		};
		8762558319C01A5B0045AB15 /* Release */ = {
			isa = XCBuildConfiguration;
			buildSettings = {
				ASSETCATALOG_COMPILER_APPICON_NAME = AppIcon;
				INFOPLIST_FILE = Postcard/Info.plist;
				LD_RUNPATH_SEARCH_PATHS = "$(inherited) @executable_path/Frameworks";
				PRODUCT_NAME = "$(TARGET_NAME)";
			};
			name = Release;
		};
		8762558519C01A5B0045AB15 /* Debug */ = {
			isa = XCBuildConfiguration;
			buildSettings = {
				BUNDLE_LOADER = "$(TEST_HOST)";
				FRAMEWORK_SEARCH_PATHS = (
					"$(SDKROOT)/Developer/Library/Frameworks",
					"$(inherited)",
				);
				GCC_PREPROCESSOR_DEFINITIONS = (
					"DEBUG=1",
					"$(inherited)",
				);
				INFOPLIST_FILE = PostcardTests/Info.plist;
				LD_RUNPATH_SEARCH_PATHS = "$(inherited) @executable_path/Frameworks @loader_path/Frameworks";
				PRODUCT_NAME = "$(TARGET_NAME)";
				TEST_HOST = "$(BUILT_PRODUCTS_DIR)/Postcard.app/Postcard";
			};
			name = Debug;
		};
		8762558619C01A5B0045AB15 /* Release */ = {
			isa = XCBuildConfiguration;
			buildSettings = {
				BUNDLE_LOADER = "$(TEST_HOST)";
				FRAMEWORK_SEARCH_PATHS = (
					"$(SDKROOT)/Developer/Library/Frameworks",
					"$(inherited)",
				);
				INFOPLIST_FILE = PostcardTests/Info.plist;
				LD_RUNPATH_SEARCH_PATHS = "$(inherited) @executable_path/Frameworks @loader_path/Frameworks";
				PRODUCT_NAME = "$(TARGET_NAME)";
				TEST_HOST = "$(BUILT_PRODUCTS_DIR)/Postcard.app/Postcard";
			};
			name = Release;
		};
/* End XCBuildConfiguration section */

/* Begin XCConfigurationList section */
		8762555D19C01A5A0045AB15 /* Build configuration list for PBXProject "Postcard" */ = {
			isa = XCConfigurationList;
			buildConfigurations = (
				8762557F19C01A5B0045AB15 /* Debug */,
				8762558019C01A5B0045AB15 /* Release */,
			);
			defaultConfigurationIsVisible = 0;
			defaultConfigurationName = Release;
		};
		8762558119C01A5B0045AB15 /* Build configuration list for PBXNativeTarget "Postcard" */ = {
			isa = XCConfigurationList;
			buildConfigurations = (
				8762558219C01A5B0045AB15 /* Debug */,
				8762558319C01A5B0045AB15 /* Release */,
			);
			defaultConfigurationIsVisible = 0;
		};
		8762558419C01A5B0045AB15 /* Build configuration list for PBXNativeTarget "PostcardTests" */ = {
			isa = XCConfigurationList;
			buildConfigurations = (
				8762558519C01A5B0045AB15 /* Debug */,
				8762558619C01A5B0045AB15 /* Release */,
			);
			defaultConfigurationIsVisible = 0;
		};
/* End XCConfigurationList section */
	};
	rootObject = 8762555A19C01A5A0045AB15 /* Project object */;
}
